# This file is automatically @generated by Cargo.
# It is not intended for manual editing.
version = 4

[[package]]
name = "sk-math"
version = "0.1.0"

[[package]]
name = "sk-paint"
version = "0.1.0"

[[package]]
name = "sk-platform"
version = "0.1.0"

[[package]]
name = "sk-render"
version = "0.1.0"
dependencies = [
 "sk-math",
]

[[package]]
name = "sk-ui"
version = "0.1.0"
dependencies = [
 "sk-paint",
]

[[package]]
name = "skizzeo"
version = "0.1.0"
dependencies = [
 "sk-math",
 "sk-paint",
 "sk-platform",
 "sk-render",
 "sk-ui",
]
